
Microsoft Visual Studio Solution File, Format Version 12.00
# Visual Studio Version 16
VisualStudioVersion = 16.0.31410.357
MinimumVisualStudioVersion = 10.0.40219.1
Project("{9A19103F-16F7-4668-BE54-9A1E7A4F7556}") = "ToDoListApp", "ToDoListApp\ToDoListApp.csproj", "{79614C03-2EA7-4F8B-8F4D-7B0CC718DE97}"
EndProject
Global
	GlobalSection(SolutionConfigurationPlatforms) = preSolution
		Debug|Any CPU = Debug|Any CPU
		Release|Any CPU = Release|Any CPU
	EndGlobalSection
	GlobalSection(ProjectConfigurationPlatforms) = postSolution
		{79614C03-2EA7-4F8B-8F4D-7B0CC718DE97}.Debug|Any CPU.ActiveCfg = Debug|Any CPU
		{79614C03-2EA7-4F8B-8F4D-7B0CC718DE97}.Debug|Any CPU.Build.0 = Debug|Any CPU
		{79614C03-2EA7-4F8B-8F4D-7B0CC718DE97}.Release|Any CPU.ActiveCfg = Release|Any CPU
		{79614C03-2EA7-4F8B-8F4D-7B0CC718DE97}.Release|Any CPU.Build.0 = Release|Any CPU
	EndGlobalSection
	GlobalSection(SolutionProperties) = preSolution
		HideSolutionNode = FALSE
	EndGlobalSection
	GlobalSection(ExtensibilityGlobals) = postSolution
		SolutionGuid = {0FAB8B4D-2DC8-448E-8E60-7F991A186378}
	EndGlobalSection
EndGlobal
